// !$*UTF8*$!
{
	archiveVersion = 1;
	classes = {
	};
	objectVersion = 55;
	objects = {

/* Begin PBXBuildFile section */
		231ECC8426FD4E93000D6086 /* FileClientEffects.swift in Sources */ = {isa = PBXBuildFile; fileRef = 231ECC8326FD4E93000D6086 /* FileClientEffects.swift */; };
		2331599026FAF0A60032A812 /* ComposableArchitecture in Frameworks */ = {isa = PBXBuildFile; productRef = 2331598F26FAF0A60032A812 /* ComposableArchitecture */; };
		2331599226FAF1100032A812 /* Scrum.swift in Sources */ = {isa = PBXBuildFile; fileRef = 2331599126FAF1100032A812 /* Scrum.swift */; };
		2331599426FAF1180032A812 /* Scrums.swift in Sources */ = {isa = PBXBuildFile; fileRef = 2331599326FAF1180032A812 /* Scrums.swift */; };
		2331599626FAF1290032A812 /* Meeting.swift in Sources */ = {isa = PBXBuildFile; fileRef = 2331599526FAF1290032A812 /* Meeting.swift */; };
		2331599826FAF1A00032A812 /* Edit.swift in Sources */ = {isa = PBXBuildFile; fileRef = 2331599726FAF1A00032A812 /* Edit.swift */; };
		233159A126FAF40B0032A812 /* CardView.swift in Sources */ = {isa = PBXBuildFile; fileRef = 233159A026FAF40B0032A812 /* CardView.swift */; };
		233159A326FAF4370032A812 /* HistoryView.swift in Sources */ = {isa = PBXBuildFile; fileRef = 233159A226FAF4370032A812 /* HistoryView.swift */; };
		233159A526FAF95F0032A812 /* Helpers.swift in Sources */ = {isa = PBXBuildFile; fileRef = 233159A426FAF95F0032A812 /* Helpers.swift */; };
		233159A926FB1EF80032A812 /* MeetingHeaderView.swift in Sources */ = {isa = PBXBuildFile; fileRef = 233159A626FB1EF70032A812 /* MeetingHeaderView.swift */; };
		233159AA26FB1EF80032A812 /* MeetingTimerView.swift in Sources */ = {isa = PBXBuildFile; fileRef = 233159A726FB1EF70032A812 /* MeetingTimerView.swift */; };
		233159AB26FB1EF80032A812 /* MeetingFooterView.swift in Sources */ = {isa = PBXBuildFile; fileRef = 233159A826FB1EF80032A812 /* MeetingFooterView.swift */; };
		233159AD26FB1F910032A812 /* AudioPlayerClient.swift in Sources */ = {isa = PBXBuildFile; fileRef = 233159AC26FB1F910032A812 /* AudioPlayerClient.swift */; };
		233159AF26FB21160032A812 /* LiveAudioPlayerClient.swift in Sources */ = {isa = PBXBuildFile; fileRef = 233159AE26FB21160032A812 /* LiveAudioPlayerClient.swift */; };
		233159B126FB27BC0032A812 /* SpeechClient.swift in Sources */ = {isa = PBXBuildFile; fileRef = 233159B026FB27BC0032A812 /* SpeechClient.swift */; };
		233159B326FB281B0032A812 /* SpeechClientModels.swift in Sources */ = {isa = PBXBuildFile; fileRef = 233159B226FB281B0032A812 /* SpeechClientModels.swift */; };
		233159B526FB3B930032A812 /* LiveSpeechClient.swift in Sources */ = {isa = PBXBuildFile; fileRef = 233159B426FB3B930032A812 /* LiveSpeechClient.swift */; };
		233159B726FB3FFD0032A812 /* FileClient.swift in Sources */ = {isa = PBXBuildFile; fileRef = 233159B626FB3FFD0032A812 /* FileClient.swift */; };
		233159B926FB40430032A812 /* ScrumData.swift in Sources */ = {isa = PBXBuildFile; fileRef = 233159B826FB40430032A812 /* ScrumData.swift */; };
		233159BB26FB43B90032A812 /* LiveFileClient.swift in Sources */ = {isa = PBXBuildFile; fileRef = 233159BA26FB43B90032A812 /* LiveFileClient.swift */; };
		233159BE26FB4D9F0032A812 /* ding.wav in Resources */ = {isa = PBXBuildFile; fileRef = 233159BD26FB4D9F0032A812 /* ding.wav */; };
		23FDCBA826FAE5FA00E150BF /* ScrumdingerApp.swift in Sources */ = {isa = PBXBuildFile; fileRef = 23FDCBA726FAE5FA00E150BF /* ScrumdingerApp.swift */; };
		23FDCBAC26FAE5FC00E150BF /* Assets.xcassets in Resources */ = {isa = PBXBuildFile; fileRef = 23FDCBAB26FAE5FC00E150BF /* Assets.xcassets */; };
		23FDCBB926FAE5FC00E150BF /* ScrumdingerTests.swift in Sources */ = {isa = PBXBuildFile; fileRef = 23FDCBB826FAE5FC00E150BF /* ScrumdingerTests.swift */; };
/* End PBXBuildFile section */

/* Begin PBXContainerItemProxy section */
		23FDCBB526FAE5FC00E150BF /* PBXContainerItemProxy */ = {
			isa = PBXContainerItemProxy;
			containerPortal = 23FDCB9C26FAE5FA00E150BF /* Project object */;
			proxyType = 1;
			remoteGlobalIDString = 23FDCBA326FAE5FA00E150BF;
			remoteInfo = Scrumdinger;
		};
/* End PBXContainerItemProxy section */

/* Begin PBXFileReference section */
		231ECC8326FD4E93000D6086 /* FileClientEffects.swift */ = {isa = PBXFileReference; lastKnownFileType = sourcecode.swift; path = FileClientEffects.swift; sourceTree = "<group>"; };
		2331599126FAF1100032A812 /* Scrum.swift */ = {isa = PBXFileReference; lastKnownFileType = sourcecode.swift; path = Scrum.swift; sourceTree = "<group>"; };
		2331599326FAF1180032A812 /* Scrums.swift */ = {isa = PBXFileReference; lastKnownFileType = sourcecode.swift; path = Scrums.swift; sourceTree = "<group>"; };
		2331599526FAF1290032A812 /* Meeting.swift */ = {isa = PBXFileReference; lastKnownFileType = sourcecode.swift; path = Meeting.swift; sourceTree = "<group>"; };
		2331599726FAF1A00032A812 /* Edit.swift */ = {isa = PBXFileReference; lastKnownFileType = sourcecode.swift; path = Edit.swift; sourceTree = "<group>"; };
		233159A026FAF40B0032A812 /* CardView.swift */ = {isa = PBXFileReference; lastKnownFileType = sourcecode.swift; path = CardView.swift; sourceTree = "<group>"; };
		233159A226FAF4370032A812 /* HistoryView.swift */ = {isa = PBXFileReference; lastKnownFileType = sourcecode.swift; path = HistoryView.swift; sourceTree = "<group>"; };
		233159A426FAF95F0032A812 /* Helpers.swift */ = {isa = PBXFileReference; lastKnownFileType = sourcecode.swift; path = Helpers.swift; sourceTree = "<group>"; };
		233159A626FB1EF70032A812 /* MeetingHeaderView.swift */ = {isa = PBXFileReference; fileEncoding = 4; lastKnownFileType = sourcecode.swift; path = MeetingHeaderView.swift; sourceTree = "<group>"; };
		233159A726FB1EF70032A812 /* MeetingTimerView.swift */ = {isa = PBXFileReference; fileEncoding = 4; lastKnownFileType = sourcecode.swift; path = MeetingTimerView.swift; sourceTree = "<group>"; };
		233159A826FB1EF80032A812 /* MeetingFooterView.swift */ = {isa = PBXFileReference; fileEncoding = 4; lastKnownFileType = sourcecode.swift; path = MeetingFooterView.swift; sourceTree = "<group>"; };
		233159AC26FB1F910032A812 /* AudioPlayerClient.swift */ = {isa = PBXFileReference; lastKnownFileType = sourcecode.swift; path = AudioPlayerClient.swift; sourceTree = "<group>"; };
		233159AE26FB21160032A812 /* LiveAudioPlayerClient.swift */ = {isa = PBXFileReference; lastKnownFileType = sourcecode.swift; path = LiveAudioPlayerClient.swift; sourceTree = "<group>"; };
		233159B026FB27BC0032A812 /* SpeechClient.swift */ = {isa = PBXFileReference; lastKnownFileType = sourcecode.swift; path = SpeechClient.swift; sourceTree = "<group>"; };
		233159B226FB281B0032A812 /* SpeechClientModels.swift */ = {isa = PBXFileReference; lastKnownFileType = sourcecode.swift; path = SpeechClientModels.swift; sourceTree = "<group>"; };
		233159B426FB3B930032A812 /* LiveSpeechClient.swift */ = {isa = PBXFileReference; lastKnownFileType = sourcecode.swift; path = LiveSpeechClient.swift; sourceTree = "<group>"; };
		233159B626FB3FFD0032A812 /* FileClient.swift */ = {isa = PBXFileReference; lastKnownFileType = sourcecode.swift; path = FileClient.swift; sourceTree = "<group>"; };
		233159B826FB40430032A812 /* ScrumData.swift */ = {isa = PBXFileReference; lastKnownFileType = sourcecode.swift; path = ScrumData.swift; sourceTree = "<group>"; };
		233159BA26FB43B90032A812 /* LiveFileClient.swift */ = {isa = PBXFileReference; lastKnownFileType = sourcecode.swift; path = LiveFileClient.swift; sourceTree = "<group>"; };
		233159BD26FB4D9F0032A812 /* ding.wav */ = {isa = PBXFileReference; lastKnownFileType = audio.wav; path = ding.wav; sourceTree = "<group>"; };
		23FDCBA426FAE5FA00E150BF /* Scrumdinger.app */ = {isa = PBXFileReference; explicitFileType = wrapper.application; includeInIndex = 0; path = Scrumdinger.app; sourceTree = BUILT_PRODUCTS_DIR; };
		23FDCBA726FAE5FA00E150BF /* ScrumdingerApp.swift */ = {isa = PBXFileReference; lastKnownFileType = sourcecode.swift; path = ScrumdingerApp.swift; sourceTree = "<group>"; };
		23FDCBAB26FAE5FC00E150BF /* Assets.xcassets */ = {isa = PBXFileReference; lastKnownFileType = folder.assetcatalog; path = Assets.xcassets; sourceTree = "<group>"; };
		23FDCBB426FAE5FC00E150BF /* ScrumdingerTests.xctest */ = {isa = PBXFileReference; explicitFileType = wrapper.cfbundle; includeInIndex = 0; path = ScrumdingerTests.xctest; sourceTree = BUILT_PRODUCTS_DIR; };
		23FDCBB826FAE5FC00E150BF /* ScrumdingerTests.swift */ = {isa = PBXFileReference; lastKnownFileType = sourcecode.swift; path = ScrumdingerTests.swift; sourceTree = "<group>"; };
/* End PBXFileReference section */

/* Begin PBXFrameworksBuildPhase section */
		23FDCBA126FAE5FA00E150BF /* Frameworks */ = {
			isa = PBXFrameworksBuildPhase;
			buildActionMask = 2147483647;
			files = (
				2331599026FAF0A60032A812 /* ComposableArchitecture in Frameworks */,
			);
			runOnlyForDeploymentPostprocessing = 0;
		};
		23FDCBB126FAE5FC00E150BF /* Frameworks */ = {
			isa = PBXFrameworksBuildPhase;
			buildActionMask = 2147483647;
			files = (
			);
			runOnlyForDeploymentPostprocessing = 0;
		};
/* End PBXFrameworksBuildPhase section */

/* Begin PBXGroup section */
		2331598E26FAF0A60032A812 /* Frameworks */ = {
			isa = PBXGroup;
			children = (
			);
			name = Frameworks;
			sourceTree = "<group>";
		};
		2331599926FAF2780032A812 /* AudioPlayerClient */ = {
			isa = PBXGroup;
			children = (
				233159AC26FB1F910032A812 /* AudioPlayerClient.swift */,
				233159AE26FB21160032A812 /* LiveAudioPlayerClient.swift */,
			);
			path = AudioPlayerClient;
			sourceTree = "<group>";
		};
		2331599A26FAF29D0032A812 /* SpeechClient */ = {
			isa = PBXGroup;
			children = (
				233159B426FB3B930032A812 /* LiveSpeechClient.swift */,
				233159B026FB27BC0032A812 /* SpeechClient.swift */,
				233159B226FB281B0032A812 /* SpeechClientModels.swift */,
			);
			path = SpeechClient;
			sourceTree = "<group>";
		};
		2331599B26FAF2C70032A812 /* FileClient */ = {
			isa = PBXGroup;
			children = (
				233159B626FB3FFD0032A812 /* FileClient.swift */,
				231ECC8326FD4E93000D6086 /* FileClientEffects.swift */,
				233159BA26FB43B90032A812 /* LiveFileClient.swift */,
				233159B826FB40430032A812 /* ScrumData.swift */,
			);
			path = FileClient;
			sourceTree = "<group>";
		};
		2331599F26FAF3EC0032A812 /* Views */ = {
			isa = PBXGroup;
			children = (
				233159A026FAF40B0032A812 /* CardView.swift */,
				233159A226FAF4370032A812 /* HistoryView.swift */,
				233159A826FB1EF80032A812 /* MeetingFooterView.swift */,
				233159A626FB1EF70032A812 /* MeetingHeaderView.swift */,
				233159A726FB1EF70032A812 /* MeetingTimerView.swift */,
			);
			path = Views;
			sourceTree = "<group>";
		};
		233159BC26FB4D9F0032A812 /* Resources */ = {
			isa = PBXGroup;
			children = (
				233159BD26FB4D9F0032A812 /* ding.wav */,
			);
			path = Resources;
			sourceTree = "<group>";
		};
		23FDCB9B26FAE5FA00E150BF = {
			isa = PBXGroup;
			children = (
				23FDCBA626FAE5FA00E150BF /* Scrumdinger */,
				23FDCBB726FAE5FC00E150BF /* ScrumdingerTests */,
				23FDCBA526FAE5FA00E150BF /* Products */,
				2331598E26FAF0A60032A812 /* Frameworks */,
			);
			sourceTree = "<group>";
		};
		23FDCBA526FAE5FA00E150BF /* Products */ = {
			isa = PBXGroup;
			children = (
				23FDCBA426FAE5FA00E150BF /* Scrumdinger.app */,
				23FDCBB426FAE5FC00E150BF /* ScrumdingerTests.xctest */,
			);
			name = Products;
			sourceTree = "<group>";
		};
		23FDCBA626FAE5FA00E150BF /* Scrumdinger */ = {
			isa = PBXGroup;
			children = (
				2331599726FAF1A00032A812 /* Edit.swift */,
				233159A426FAF95F0032A812 /* Helpers.swift */,
				2331599526FAF1290032A812 /* Meeting.swift */,
				2331599126FAF1100032A812 /* Scrum.swift */,
				23FDCBA726FAE5FA00E150BF /* ScrumdingerApp.swift */,
				2331599326FAF1180032A812 /* Scrums.swift */,
				23FDCBAB26FAE5FC00E150BF /* Assets.xcassets */,
				2331599926FAF2780032A812 /* AudioPlayerClient */,
				2331599B26FAF2C70032A812 /* FileClient */,
				233159BC26FB4D9F0032A812 /* Resources */,
				2331599A26FAF29D0032A812 /* SpeechClient */,
				2331599F26FAF3EC0032A812 /* Views */,
			);
			path = Scrumdinger;
			sourceTree = "<group>";
		};
		23FDCBB726FAE5FC00E150BF /* ScrumdingerTests */ = {
			isa = PBXGroup;
			children = (
				23FDCBB826FAE5FC00E150BF /* ScrumdingerTests.swift */,
			);
			path = ScrumdingerTests;
			sourceTree = "<group>";
		};
/* End PBXGroup section */

/* Begin PBXNativeTarget section */
		23FDCBA326FAE5FA00E150BF /* Scrumdinger */ = {
			isa = PBXNativeTarget;
			buildConfigurationList = 23FDCBC826FAE5FC00E150BF /* Build configuration list for PBXNativeTarget "Scrumdinger" */;
			buildPhases = (
				23FDCBA026FAE5FA00E150BF /* Sources */,
				23FDCBA126FAE5FA00E150BF /* Frameworks */,
				23FDCBA226FAE5FA00E150BF /* Resources */,
			);
			buildRules = (
			);
			dependencies = (
			);
			name = Scrumdinger;
			packageProductDependencies = (
				2331598F26FAF0A60032A812 /* ComposableArchitecture */,
			);
			productName = Scrumdinger;
			productReference = 23FDCBA426FAE5FA00E150BF /* Scrumdinger.app */;
			productType = "com.apple.product-type.application";
		};
		23FDCBB326FAE5FC00E150BF /* ScrumdingerTests */ = {
			isa = PBXNativeTarget;
			buildConfigurationList = 23FDCBCB26FAE5FC00E150BF /* Build configuration list for PBXNativeTarget "ScrumdingerTests" */;
			buildPhases = (
				23FDCBB026FAE5FC00E150BF /* Sources */,
				23FDCBB126FAE5FC00E150BF /* Frameworks */,
				23FDCBB226FAE5FC00E150BF /* Resources */,
			);
			buildRules = (
			);
			dependencies = (
				23FDCBB626FAE5FC00E150BF /* PBXTargetDependency */,
			);
			name = ScrumdingerTests;
			productName = ScrumdingerTests;
			productReference = 23FDCBB426FAE5FC00E150BF /* ScrumdingerTests.xctest */;
			productType = "com.apple.product-type.bundle.unit-test";
		};
/* End PBXNativeTarget section */

/* Begin PBXProject section */
		23FDCB9C26FAE5FA00E150BF /* Project object */ = {
			isa = PBXProject;
			attributes = {
				BuildIndependentTargetsInParallel = 1;
				LastSwiftUpdateCheck = 1300;
				LastUpgradeCheck = 1300;
				TargetAttributes = {
					23FDCBA326FAE5FA00E150BF = {
						CreatedOnToolsVersion = 13.0;
					};
					23FDCBB326FAE5FC00E150BF = {
						CreatedOnToolsVersion = 13.0;
						TestTargetID = 23FDCBA326FAE5FA00E150BF;
					};
				};
			};
			buildConfigurationList = 23FDCB9F26FAE5FA00E150BF /* Build configuration list for PBXProject "Scrumdinger" */;
			compatibilityVersion = "Xcode 13.0";
			developmentRegion = en;
			hasScannedForEncodings = 0;
			knownRegions = (
				en,
				Base,
			);
			mainGroup = 23FDCB9B26FAE5FA00E150BF;
			productRefGroup = 23FDCBA526FAE5FA00E150BF /* Products */;
			projectDirPath = "";
			projectRoot = "";
			targets = (
				23FDCBA326FAE5FA00E150BF /* Scrumdinger */,
				23FDCBB326FAE5FC00E150BF /* ScrumdingerTests */,
			);
		};
/* End PBXProject section */

/* Begin PBXResourcesBuildPhase section */
		23FDCBA226FAE5FA00E150BF /* Resources */ = {
			isa = PBXResourcesBuildPhase;
			buildActionMask = 2147483647;
			files = (
				233159BE26FB4D9F0032A812 /* ding.wav in Resources */,
				23FDCBAC26FAE5FC00E150BF /* Assets.xcassets in Resources */,
			);
			runOnlyForDeploymentPostprocessing = 0;
		};
		23FDCBB226FAE5FC00E150BF /* Resources */ = {
			isa = PBXResourcesBuildPhase;
			buildActionMask = 2147483647;
			files = (
			);
			runOnlyForDeploymentPostprocessing = 0;
		};
/* End PBXResourcesBuildPhase section */

/* Begin PBXSourcesBuildPhase section */
		23FDCBA026FAE5FA00E150BF /* Sources */ = {
			isa = PBXSourcesBuildPhase;
			buildActionMask = 2147483647;
			files = (
				2331599226FAF1100032A812 /* Scrum.swift in Sources */,
				231ECC8426FD4E93000D6086 /* FileClientEffects.swift in Sources */,
				2331599626FAF1290032A812 /* Meeting.swift in Sources */,
				233159AA26FB1EF80032A812 /* MeetingTimerView.swift in Sources */,
				233159B926FB40430032A812 /* ScrumData.swift in Sources */,
				233159A326FAF4370032A812 /* HistoryView.swift in Sources */,
				233159B326FB281B0032A812 /* SpeechClientModels.swift in Sources */,
				233159A926FB1EF80032A812 /* MeetingHeaderView.swift in Sources */,
				233159A526FAF95F0032A812 /* Helpers.swift in Sources */,
				233159AB26FB1EF80032A812 /* MeetingFooterView.swift in Sources */,
				233159B526FB3B930032A812 /* LiveSpeechClient.swift in Sources */,
				23FDCBA826FAE5FA00E150BF /* ScrumdingerApp.swift in Sources */,
				233159B126FB27BC0032A812 /* SpeechClient.swift in Sources */,
				233159AD26FB1F910032A812 /* AudioPlayerClient.swift in Sources */,
				233159BB26FB43B90032A812 /* LiveFileClient.swift in Sources */,
				2331599826FAF1A00032A812 /* Edit.swift in Sources */,
				233159B726FB3FFD0032A812 /* FileClient.swift in Sources */,
				233159A126FAF40B0032A812 /* CardView.swift in Sources */,
				233159AF26FB21160032A812 /* LiveAudioPlayerClient.swift in Sources */,
				2331599426FAF1180032A812 /* Scrums.swift in Sources */,
			);
			runOnlyForDeploymentPostprocessing = 0;
		};
		23FDCBB026FAE5FC00E150BF /* Sources */ = {
			isa = PBXSourcesBuildPhase;
			buildActionMask = 2147483647;
			files = (
				23FDCBB926FAE5FC00E150BF /* ScrumdingerTests.swift in Sources */,
			);
			runOnlyForDeploymentPostprocessing = 0;
		};
/* End PBXSourcesBuildPhase section */

/* Begin PBXTargetDependency section */
		23FDCBB626FAE5FC00E150BF /* PBXTargetDependency */ = {
			isa = PBXTargetDependency;
			target = 23FDCBA326FAE5FA00E150BF /* Scrumdinger */;
			targetProxy = 23FDCBB526FAE5FC00E150BF /* PBXContainerItemProxy */;
		};
/* End PBXTargetDependency section */

/* Begin XCBuildConfiguration section */
		23FDCBC626FAE5FC00E150BF /* Debug */ = {
			isa = XCBuildConfiguration;
			buildSettings = {
				ALWAYS_SEARCH_USER_PATHS = NO;
				CLANG_ANALYZER_NONNULL = YES;
				CLANG_ANALYZER_NUMBER_OBJECT_CONVERSION = YES_AGGRESSIVE;
				CLANG_CXX_LANGUAGE_STANDARD = "gnu++17";
				CLANG_CXX_LIBRARY = "libc++";
				CLANG_ENABLE_MODULES = YES;
				CLANG_ENABLE_OBJC_ARC = YES;
				CLANG_ENABLE_OBJC_WEAK = YES;
				CLANG_WARN_BLOCK_CAPTURE_AUTORELEASING = YES;
				CLANG_WARN_BOOL_CONVERSION = YES;
				CLANG_WARN_COMMA = YES;
				CLANG_WARN_CONSTANT_CONVERSION = YES;
				CLANG_WARN_DEPRECATED_OBJC_IMPLEMENTATIONS = YES;
				CLANG_WARN_DIRECT_OBJC_ISA_USAGE = YES_ERROR;
				CLANG_WARN_DOCUMENTATION_COMMENTS = YES;
				CLANG_WARN_EMPTY_BODY = YES;
				CLANG_WARN_ENUM_CONVERSION = YES;
				CLANG_WARN_INFINITE_RECURSION = YES;
				CLANG_WARN_INT_CONVERSION = YES;
				CLANG_WARN_NON_LITERAL_NULL_CONVERSION = YES;
				CLANG_WARN_OBJC_IMPLICIT_RETAIN_SELF = YES;
				CLANG_WARN_OBJC_LITERAL_CONVERSION = YES;
				CLANG_WARN_OBJC_ROOT_CLASS = YES_ERROR;
				CLANG_WARN_QUOTED_INCLUDE_IN_FRAMEWORK_HEADER = YES;
				CLANG_WARN_RANGE_LOOP_ANALYSIS = YES;
				CLANG_WARN_STRICT_PROTOTYPES = YES;
				CLANG_WARN_SUSPICIOUS_MOVE = YES;
				CLANG_WARN_UNGUARDED_AVAILABILITY = YES_AGGRESSIVE;
				CLANG_WARN_UNREACHABLE_CODE = YES;
				CLANG_WARN__DUPLICATE_METHOD_MATCH = YES;
				COPY_PHASE_STRIP = NO;
				DEBUG_INFORMATION_FORMAT = dwarf;
				ENABLE_STRICT_OBJC_MSGSEND = YES;
				ENABLE_TESTABILITY = YES;
				GCC_C_LANGUAGE_STANDARD = gnu11;
				GCC_DYNAMIC_NO_PIC = NO;
				GCC_NO_COMMON_BLOCKS = YES;
				GCC_OPTIMIZATION_LEVEL = 0;
				GCC_PREPROCESSOR_DEFINITIONS = (
					"DEBUG=1",
					"$(inherited)",
				);
				GCC_WARN_64_TO_32_BIT_CONVERSION = YES;
				GCC_WARN_ABOUT_RETURN_TYPE = YES_ERROR;
				GCC_WARN_UNDECLARED_SELECTOR = YES;
				GCC_WARN_UNINITIALIZED_AUTOS = YES_AGGRESSIVE;
				GCC_WARN_UNUSED_FUNCTION = YES;
				GCC_WARN_UNUSED_VARIABLE = YES;
				IPHONEOS_DEPLOYMENT_TARGET = 15.0;
				MTL_ENABLE_DEBUG_INFO = INCLUDE_SOURCE;
				MTL_FAST_MATH = YES;
				ONLY_ACTIVE_ARCH = YES;
				SDKROOT = iphoneos;
				SWIFT_ACTIVE_COMPILATION_CONDITIONS = DEBUG;
				SWIFT_OPTIMIZATION_LEVEL = "-Onone";
			};
			name = Debug;
		};
		23FDCBC726FAE5FC00E150BF /* Release */ = {
			isa = XCBuildConfiguration;
			buildSettings = {
				ALWAYS_SEARCH_USER_PATHS = NO;
				CLANG_ANALYZER_NONNULL = YES;
				CLANG_ANALYZER_NUMBER_OBJECT_CONVERSION = YES_AGGRESSIVE;
				CLANG_CXX_LANGUAGE_STANDARD = "gnu++17";
				CLANG_CXX_LIBRARY = "libc++";
				CLANG_ENABLE_MODULES = YES;
				CLANG_ENABLE_OBJC_ARC = YES;
				CLANG_ENABLE_OBJC_WEAK = YES;
				CLANG_WARN_BLOCK_CAPTURE_AUTORELEASING = YES;
				CLANG_WARN_BOOL_CONVERSION = YES;
				CLANG_WARN_COMMA = YES;
				CLANG_WARN_CONSTANT_CONVERSION = YES;
				CLANG_WARN_DEPRECATED_OBJC_IMPLEMENTATIONS = YES;
				CLANG_WARN_DIRECT_OBJC_ISA_USAGE = YES_ERROR;
				CLANG_WARN_DOCUMENTATION_COMMENTS = YES;
				CLANG_WARN_EMPTY_BODY = YES;
				CLANG_WARN_ENUM_CONVERSION = YES;
				CLANG_WARN_INFINITE_RECURSION = YES;
				CLANG_WARN_INT_CONVERSION = YES;
				CLANG_WARN_NON_LITERAL_NULL_CONVERSION = YES;
				CLANG_WARN_OBJC_IMPLICIT_RETAIN_SELF = YES;
				CLANG_WARN_OBJC_LITERAL_CONVERSION = YES;
				CLANG_WARN_OBJC_ROOT_CLASS = YES_ERROR;
				CLANG_WARN_QUOTED_INCLUDE_IN_FRAMEWORK_HEADER = YES;
				CLANG_WARN_RANGE_LOOP_ANALYSIS = YES;
				CLANG_WARN_STRICT_PROTOTYPES = YES;
				CLANG_WARN_SUSPICIOUS_MOVE = YES;
				CLANG_WARN_UNGUARDED_AVAILABILITY = YES_AGGRESSIVE;
				CLANG_WARN_UNREACHABLE_CODE = YES;
				CLANG_WARN__DUPLICATE_METHOD_MATCH = YES;
				COPY_PHASE_STRIP = NO;
				DEBUG_INFORMATION_FORMAT = "dwarf-with-dsym";
				ENABLE_NS_ASSERTIONS = NO;
				ENABLE_STRICT_OBJC_MSGSEND = YES;
				GCC_C_LANGUAGE_STANDARD = gnu11;
				GCC_NO_COMMON_BLOCKS = YES;
				GCC_WARN_64_TO_32_BIT_CONVERSION = YES;
				GCC_WARN_ABOUT_RETURN_TYPE = YES_ERROR;
				GCC_WARN_UNDECLARED_SELECTOR = YES;
				GCC_WARN_UNINITIALIZED_AUTOS = YES_AGGRESSIVE;
				GCC_WARN_UNUSED_FUNCTION = YES;
				GCC_WARN_UNUSED_VARIABLE = YES;
				IPHONEOS_DEPLOYMENT_TARGET = 15.0;
				MTL_ENABLE_DEBUG_INFO = NO;
				MTL_FAST_MATH = YES;
				SDKROOT = iphoneos;
				SWIFT_COMPILATION_MODE = wholemodule;
				SWIFT_OPTIMIZATION_LEVEL = "-O";
				VALIDATE_PRODUCT = YES;
			};
			name = Release;
		};
		23FDCBC926FAE5FC00E150BF /* Debug */ = {
			isa = XCBuildConfiguration;
			buildSettings = {
				ASSETCATALOG_COMPILER_APPICON_NAME = AppIcon;
				ASSETCATALOG_COMPILER_GLOBAL_ACCENT_COLOR_NAME = AccentColor;
				CODE_SIGN_STYLE = Automatic;
				CURRENT_PROJECT_VERSION = 1;
				DEVELOPMENT_TEAM = G7SC3UG6VB;
				ENABLE_PREVIEWS = YES;
				GENERATE_INFOPLIST_FILE = YES;
				INFOPLIST_KEY_NSMicrophoneUsageDescription = "Audio is recorded to transcribe the meeting. Audio recordings are discarded after transcription.";
				INFOPLIST_KEY_NSSpeechRecognitionUsageDescription = "You can view a text transcription of your meeting in the app.";
				INFOPLIST_KEY_UIApplicationSceneManifest_Generation = YES;
				INFOPLIST_KEY_UIApplicationSupportsIndirectInputEvents = YES;
				INFOPLIST_KEY_UILaunchScreen_Generation = YES;
				INFOPLIST_KEY_UISupportedInterfaceOrientations = "UIInterfaceOrientationPortrait UIInterfaceOrientationLandscapeLeft UIInterfaceOrientationLandscapeRight";
				INFOPLIST_KEY_UISupportedInterfaceOrientations_iPad = "UIInterfaceOrientationPortrait UIInterfaceOrientationPortraitUpsideDown UIInterfaceOrientationLandscapeLeft UIInterfaceOrientationLandscapeRight";
				INFOPLIST_KEY_UISupportedInterfaceOrientations_iPhone = "UIInterfaceOrientationPortrait UIInterfaceOrientationLandscapeLeft UIInterfaceOrientationLandscapeRight";
				IPHONEOS_DEPLOYMENT_TARGET = 15.0;
				LD_RUNPATH_SEARCH_PATHS = (
					"$(inherited)",
					"@executable_path/Frameworks",
				);
				MARKETING_VERSION = 1.0;
				PRODUCT_BUNDLE_IDENTIFIER = dev.patbrown.Scrumdinger;
				PRODUCT_NAME = "$(TARGET_NAME)";
				SWIFT_EMIT_LOC_STRINGS = YES;
				SWIFT_VERSION = 5.0;
				TARGETED_DEVICE_FAMILY = "1,2";
			};
			name = Debug;
		};
		23FDCBCA26FAE5FC00E150BF /* Release */ = {
			isa = XCBuildConfiguration;
			buildSettings = {
				ASSETCATALOG_COMPILER_APPICON_NAME = AppIcon;
				ASSETCATALOG_COMPILER_GLOBAL_ACCENT_COLOR_NAME = AccentColor;
				CODE_SIGN_STYLE = Automatic;
				CURRENT_PROJECT_VERSION = 1;
				DEVELOPMENT_TEAM = G7SC3UG6VB;
				ENABLE_PREVIEWS = YES;
				GENERATE_INFOPLIST_FILE = YES;
				INFOPLIST_KEY_NSMicrophoneUsageDescription = "Audio is recorded to transcribe the meeting. Audio recordings are discarded after transcription.";
				INFOPLIST_KEY_NSSpeechRecognitionUsageDescription = "You can view a text transcription of your meeting in the app.";
				INFOPLIST_KEY_UIApplicationSceneManifest_Generation = YES;
				INFOPLIST_KEY_UIApplicationSupportsIndirectInputEvents = YES;
				INFOPLIST_KEY_UILaunchScreen_Generation = YES;
				INFOPLIST_KEY_UISupportedInterfaceOrientations = "UIInterfaceOrientationPortrait UIInterfaceOrientationLandscapeLeft UIInterfaceOrientationLandscapeRight";
				INFOPLIST_KEY_UISupportedInterfaceOrientations_iPad = "UIInterfaceOrientationPortrait UIInterfaceOrientationPortraitUpsideDown UIInterfaceOrientationLandscapeLeft UIInterfaceOrientationLandscapeRight";
				INFOPLIST_KEY_UISupportedInterfaceOrientations_iPhone = "UIInterfaceOrientationPortrait UIInterfaceOrientationLandscapeLeft UIInterfaceOrientationLandscapeRight";
				IPHONEOS_DEPLOYMENT_TARGET = 15.0;
				LD_RUNPATH_SEARCH_PATHS = (
					"$(inherited)",
					"@executable_path/Frameworks",
				);
				MARKETING_VERSION = 1.0;
				PRODUCT_BUNDLE_IDENTIFIER = dev.patbrown.Scrumdinger;
				PRODUCT_NAME = "$(TARGET_NAME)";
				SWIFT_EMIT_LOC_STRINGS = YES;
				SWIFT_VERSION = 5.0;
				TARGETED_DEVICE_FAMILY = "1,2";
			};
			name = Release;
		};
		23FDCBCC26FAE5FC00E150BF /* Debug */ = {
			isa = XCBuildConfiguration;
			buildSettings = {
				ALWAYS_EMBED_SWIFT_STANDARD_LIBRARIES = YES;
				BUNDLE_LOADER = "$(TEST_HOST)";
				CODE_SIGN_STYLE = Automatic;
				CURRENT_PROJECT_VERSION = 1;
				DEVELOPMENT_TEAM = G7SC3UG6VB;
				GENERATE_INFOPLIST_FILE = YES;
				IPHONEOS_DEPLOYMENT_TARGET = 14.0;
				LD_RUNPATH_SEARCH_PATHS = (
					"$(inherited)",
					"@executable_path/Frameworks",
					"@loader_path/Frameworks",
				);
				MARKETING_VERSION = 1.0;
				PRODUCT_BUNDLE_IDENTIFIER = dev.patbrown.ScrumdingerTests;
				PRODUCT_NAME = "$(TARGET_NAME)";
				SWIFT_EMIT_LOC_STRINGS = NO;
				SWIFT_VERSION = 5.0;
				TARGETED_DEVICE_FAMILY = "1,2";
				TEST_HOST = "$(BUILT_PRODUCTS_DIR)/Scrumdinger.app/Scrumdinger";
			};
			name = Debug;
		};
		23FDCBCD26FAE5FC00E150BF /* Release */ = {
			isa = XCBuildConfiguration;
			buildSettings = {
				ALWAYS_EMBED_SWIFT_STANDARD_LIBRARIES = YES;
				BUNDLE_LOADER = "$(TEST_HOST)";
				CODE_SIGN_STYLE = Automatic;
				CURRENT_PROJECT_VERSION = 1;
				DEVELOPMENT_TEAM = G7SC3UG6VB;
				GENERATE_INFOPLIST_FILE = YES;
				IPHONEOS_DEPLOYMENT_TARGET = 14.0;
				LD_RUNPATH_SEARCH_PATHS = (
					"$(inherited)",
					"@executable_path/Frameworks",
					"@loader_path/Frameworks",
				);
				MARKETING_VERSION = 1.0;
				PRODUCT_BUNDLE_IDENTIFIER = dev.patbrown.ScrumdingerTests;
				PRODUCT_NAME = "$(TARGET_NAME)";
				SWIFT_EMIT_LOC_STRINGS = NO;
				SWIFT_VERSION = 5.0;
				TARGETED_DEVICE_FAMILY = "1,2";
				TEST_HOST = "$(BUILT_PRODUCTS_DIR)/Scrumdinger.app/Scrumdinger";
			};
			name = Release;
		};
/* End XCBuildConfiguration section */

/* Begin XCConfigurationList section */
		23FDCB9F26FAE5FA00E150BF /* Build configuration list for PBXProject "Scrumdinger" */ = {
			isa = XCConfigurationList;
			buildConfigurations = (
				23FDCBC626FAE5FC00E150BF /* Debug */,
				23FDCBC726FAE5FC00E150BF /* Release */,
			);
			defaultConfigurationIsVisible = 0;
			defaultConfigurationName = Release;
		};
		23FDCBC826FAE5FC00E150BF /* Build configuration list for PBXNativeTarget "Scrumdinger" */ = {
			isa = XCConfigurationList;
			buildConfigurations = (
				23FDCBC926FAE5FC00E150BF /* Debug */,
				23FDCBCA26FAE5FC00E150BF /* Release */,
			);
			defaultConfigurationIsVisible = 0;
			defaultConfigurationName = Release;
		};
		23FDCBCB26FAE5FC00E150BF /* Build configuration list for PBXNativeTarget "ScrumdingerTests" */ = {
			isa = XCConfigurationList;
			buildConfigurations = (
				23FDCBCC26FAE5FC00E150BF /* Debug */,
				23FDCBCD26FAE5FC00E150BF /* Release */,
			);
			defaultConfigurationIsVisible = 0;
			defaultConfigurationName = Release;
		};
/* End XCConfigurationList section */

/* Begin XCSwiftPackageProductDependency section */
		2331598F26FAF0A60032A812 /* ComposableArchitecture */ = {
			isa = XCSwiftPackageProductDependency;
			productName = ComposableArchitecture;
		};
/* End XCSwiftPackageProductDependency section */
	};
	rootObject = 23FDCB9C26FAE5FA00E150BF /* Project object */;
}
